
Microsoft Visual Studio Solution File, Format Version 12.00
# Visual Studio 15
VisualStudioVersion = 15.0.26730.16
MinimumVisualStudioVersion = 10.0.40219.1
Project("{FAE04EC0-301F-11D3-BF4B-00C04F79EFBC}") = "MvcPlayground", "MvcPlayground\MvcPlayground.csproj", "{7A427664-5FFD-4258-A097-89532AB0A596}"
EndProject
Global
	GlobalSection(SolutionConfigurationPlatforms) = preSolution
		Debug|Any CPU = Debug|Any CPU
		Release|Any CPU = Release|Any CPU
	EndGlobalSection
	GlobalSection(ProjectConfigurationPlatforms) = postSolution
		{7A427664-5FFD-4258-A097-89532AB0A596}.Debug|Any CPU.ActiveCfg = Debug|Any CPU
		{7A427664-5FFD-4258-A097-89532AB0A596}.Debug|Any CPU.Build.0 = Debug|Any CPU
		{7A427664-5FFD-4258-A097-89532AB0A596}.Release|Any CPU.ActiveCfg = Release|Any CPU
		{7A427664-5FFD-4258-A097-89532AB0A596}.Release|Any CPU.Build.0 = Release|Any CPU
	EndGlobalSection
	GlobalSection(SolutionProperties) = preSolution
		HideSolutionNode = FALSE
	EndGlobalSection
	GlobalSection(ExtensibilityGlobals) = postSolution
		SolutionGuid = {44C8C7C4-FD40-426D-8462-B3965B402472}
	EndGlobalSection
EndGlobal
